
Microsoft Visual Studio Solution File, Format Version 12.00
# Visual Studio Version 16
VisualStudioVersion = 16.0.30711.63
MinimumVisualStudioVersion = 10.0.40219.1
Project("{FAE04EC0-301F-11D3-BF4B-00C04F79EFBC}") = "PerformanseLab4", "PerformanseLab4\PerformanseLab4.csproj", "{0BF969CB-B9A7-46A5-89D5-4019D052B030}"
EndProject
Global
	GlobalSection(SolutionConfigurationPlatforms) = preSolution
		Debug|Any CPU = Debug|Any CPU
		Release|Any CPU = Release|Any CPU
	EndGlobalSection
	GlobalSection(ProjectConfigurationPlatforms) = postSolution
		{0BF969CB-B9A7-46A5-89D5-4019D052B030}.Debug|Any CPU.ActiveCfg = Debug|Any CPU
		{0BF969CB-B9A7-46A5-89D5-4019D052B030}.Debug|Any CPU.Build.0 = Debug|Any CPU
		{0BF969CB-B9A7-46A5-89D5-4019D052B030}.Release|Any CPU.ActiveCfg = Release|Any CPU
		{0BF969CB-B9A7-46A5-89D5-4019D052B030}.Release|Any CPU.Build.0 = Release|Any CPU
	EndGlobalSection
	GlobalSection(SolutionProperties) = preSolution
		HideSolutionNode = FALSE
	EndGlobalSection
	GlobalSection(ExtensibilityGlobals) = postSolution
		SolutionGuid = {1F531540-338F-4B3C-87EB-2EBEF8CA7186}
	EndGlobalSection
EndGlobal
